github.com/assurrussa/gobus v1.2.1 h1:1urjLfegz05kjKVfW3XM+tDgPCU7qoAC+rN/6O6Z8is=
github.com/assurrussa/gobus v1.2.1/go.mod h1:dYZjOOBtndAZx230ZHWNEz48nZoPfwfSAsvvlVR3yok=
github.com/assurrussa/gomessenger v0.3.0 h1:B2M2DhpsZdEO58ag2KxmRTxP+UbKw6BF2A+tlQbv388=
github.com/assurrussa/gomessenger v0.3.0/go.mod h1:IaoCqFzCqMixe6vRb9yddMxloSlC/Rt6WHBE10c6VF4=
github.com/assurrussa/outbox v0.15.0 h1:ccuecT2Y0uBdgu9GXw0/UhW2FEocfv3j90DBdFGp6oM=
github.com/assurrussa/outbox v0.15.0/go.mod h1:fzNmhtaNHltUtnUsj5KMQPNlnEB9tY/Z5MfsxJYvBgg=
github.com/davecgh/go-spew v1.1.1 h1:vj9j/u1bqnvCEfJOwUhtlOARqs3+rkHYY13jYWTU97c=
github.com/davecgh/go-spew v1.1.1/go.mod h1:J7Y8YcW2NihsgmVo/mv3lAwl/skON4iLHjSsI+c5H38=
github.com/google/uuid v1.6.0 h1:NIvaJDMOsjHA8n1jAhLSgzrAzy1Hgr+hNrb57e+94F0=
github.com/google/uuid v1.6.0/go.mod h1:TIyPZe4MgqvfeYDBFedMoGGpEw/LqOeaOT+nhxU+yHo=
github.com/pmezard/go-difflib v1.0.0 h1:4DBwDE0NGyQoBHbLQYPwSUPoCMWR5BEzIk/f1lZbAQM=
github.com/pmezard/go-difflib v1.0.0/go.mod h1:iKH77koFhYxTK1pcRnkKkqfTogsbg7gZNVY4sRDYZ/4=
github.com/stretchr/testify v1.11.1 h1:7s2iGBzp5EwR7/aIZr8ao5+dra3wiQyKjjFuvgVKu7U=
github.com/stretchr/testify v1.11.1/go.mod h1:wZwfW3scLgRK+23gO65QZefKpKQRnfz6sD981Nm4B6U=
go.uber.org/mock v0.6.0 h1:hyF9dfmbgIX5EfOdasqLsWD6xqpNZlXblLB/Dbnwv3Y=
go.uber.org/mock v0.6.0/go.mod h1:KiVJ4BqZJaMj4svdfmHM0AUx4NJYO8ZNpPnZn1Z+BBU=
golang.org/x/sync v0.22.0 h1:SZjpbeLmrCk4xhRSZFNZW5gFUeCeFgjekvI/+gfScek=
golang.org/x/sync v0.22.0/go.mod h1:9xrNwdLfx4jkKbNva9FpL6vEN7evnE43NNNJQ2LF3+0=
gopkg.in/yaml.v3 v3.0.1 h1:fxVm/GzAzEWqLHuvctI91KS9hhNmmWOoWu0XTYJS7CA=
gopkg.in/yaml.v3 v3.0.1/go.mod h1:K4uyk7z7BCEPqu6E+C64Yfv1cQ7kz7rIZviUmN+EgEM=
